
Microsoft Visual Studio Solution File, Format Version 10.00
# Visual Studio 2008
Project("{2150E333-8FDC-42A3-9474-1A3956D46DE8}") = "UnitTests", "UnitTests", "{996EBBBC-2904-44E6-8ADD-11A6C0958FE4}"
EndProject
Project("{FAE04EC0-301F-11D3-BF4B-00C04F79EFBC}") = "Challenge00.DDDSample.UnitTests", "UnitTests\Challenge00.DDDSample.UnitTests\Challenge00.DDDSample.UnitTests.csproj", "{C63A1855-8414-4711-B4DF-D3372ACD7069}"
EndProject
Project("{FAE04EC0-301F-11D3-BF4B-00C04F79EFBC}") = "Challenge00.DDDSample.Default.UnitTests", "UnitTests\Challenge00.DDDSample.Default.UnitTests\Challenge00.DDDSample.Default.UnitTests.csproj", "{E26B8AEF-2856-4040-BE65-97B7735ADABE}"
EndProject
Project("{FAE04EC0-301F-11D3-BF4B-00C04F79EFBC}") = "NUnitRunner", "..\..\Tools\NUnitRunner\NUnitRunner.csproj", "{D467C632-FDA1-40C6-95FF-FFF3C2CABBE6}"
EndProject
Project("{FAE04EC0-301F-11D3-BF4B-00C04F79EFBC}") = "Challenge00.DDDSample", "Challenge00.DDDSample\Challenge00.DDDSample.csproj", "{6F84C6F6-EDDD-41F6-9DA0-7A289F2FBC88}"
EndProject
Project("{FAE04EC0-301F-11D3-BF4B-00C04F79EFBC}") = "Challenge00.DDDSample.Default", "Challenge00.DDDSample.Default\Challenge00.DDDSample.Default.csproj", "{47C7912D-2CF9-4464-BCF6-641A6867577D}"
EndProject
Global
	GlobalSection(SolutionConfigurationPlatforms) = preSolution
		Debug|Any CPU = Debug|Any CPU
		Release|Any CPU = Release|Any CPU
	EndGlobalSection
	GlobalSection(ProjectConfigurationPlatforms) = postSolution
		{47C7912D-2CF9-4464-BCF6-641A6867577D}.Debug|Any CPU.ActiveCfg = Debug|Any CPU
		{47C7912D-2CF9-4464-BCF6-641A6867577D}.Debug|Any CPU.Build.0 = Debug|Any CPU
		{47C7912D-2CF9-4464-BCF6-641A6867577D}.Release|Any CPU.ActiveCfg = Release|Any CPU
		{47C7912D-2CF9-4464-BCF6-641A6867577D}.Release|Any CPU.Build.0 = Release|Any CPU
		{6F84C6F6-EDDD-41F6-9DA0-7A289F2FBC88}.Debug|Any CPU.ActiveCfg = Debug|Any CPU
		{6F84C6F6-EDDD-41F6-9DA0-7A289F2FBC88}.Debug|Any CPU.Build.0 = Debug|Any CPU
		{6F84C6F6-EDDD-41F6-9DA0-7A289F2FBC88}.Release|Any CPU.ActiveCfg = Release|Any CPU
		{6F84C6F6-EDDD-41F6-9DA0-7A289F2FBC88}.Release|Any CPU.Build.0 = Release|Any CPU
		{C63A1855-8414-4711-B4DF-D3372ACD7069}.Debug|Any CPU.ActiveCfg = Debug|Any CPU
		{C63A1855-8414-4711-B4DF-D3372ACD7069}.Debug|Any CPU.Build.0 = Debug|Any CPU
		{C63A1855-8414-4711-B4DF-D3372ACD7069}.Release|Any CPU.ActiveCfg = Release|Any CPU
		{C63A1855-8414-4711-B4DF-D3372ACD7069}.Release|Any CPU.Build.0 = Release|Any CPU
		{D467C632-FDA1-40C6-95FF-FFF3C2CABBE6}.Debug|Any CPU.ActiveCfg = Debug|Any CPU
		{D467C632-FDA1-40C6-95FF-FFF3C2CABBE6}.Debug|Any CPU.Build.0 = Debug|Any CPU
		{D467C632-FDA1-40C6-95FF-FFF3C2CABBE6}.Release|Any CPU.ActiveCfg = Release|Any CPU
		{D467C632-FDA1-40C6-95FF-FFF3C2CABBE6}.Release|Any CPU.Build.0 = Release|Any CPU
		{E26B8AEF-2856-4040-BE65-97B7735ADABE}.Debug|Any CPU.ActiveCfg = Debug|Any CPU
		{E26B8AEF-2856-4040-BE65-97B7735ADABE}.Debug|Any CPU.Build.0 = Debug|Any CPU
		{E26B8AEF-2856-4040-BE65-97B7735ADABE}.Release|Any CPU.ActiveCfg = Release|Any CPU
		{E26B8AEF-2856-4040-BE65-97B7735ADABE}.Release|Any CPU.Build.0 = Release|Any CPU
	EndGlobalSection
	GlobalSection(NestedProjects) = preSolution
		{C63A1855-8414-4711-B4DF-D3372ACD7069} = {996EBBBC-2904-44E6-8ADD-11A6C0958FE4}
		{E26B8AEF-2856-4040-BE65-97B7735ADABE} = {996EBBBC-2904-44E6-8ADD-11A6C0958FE4}
		{D467C632-FDA1-40C6-95FF-FFF3C2CABBE6} = {996EBBBC-2904-44E6-8ADD-11A6C0958FE4}
	EndGlobalSection
	GlobalSection(MonoDevelopProperties) = preSolution
		StartupItem = ..\..\Tools\NUnitRunner\NUnitRunner.csproj
		Policies = $0
		$0.StandardHeader = $1
		$1.Text = "@ \n ${FileName}\n \n Author:\n      ${AuthorName} <${AuthorEmail}>\n\n Copyright (c) ${Year} ${CopyrightHolder}\n\n This file is part of Epic.NET.\n\n Epic.NET is free software: you can redistribute it and/or modify\n it under the terms of the GNU Affero General Public License as published by\n the Free Software Foundation, either version 3 of the License, or\n (at your option) any later version.\n\n Epic.NET is distributed in the hope that it will be useful,\n but WITHOUT ANY WARRANTY; without even the implied warranty of\n MERCHANTABILITY or FITNESS FOR A PARTICULAR PURPOSE.  See the\n GNU Affero General Public License for more details.\n\n You should have received a copy of the GNU Affero General Public License\n along with this program.  If not, see <http://www.gnu.org/licenses/>.\n "
		$1.inheritsSet = Apache2License
	EndGlobalSection
	GlobalSection(SolutionProperties) = preSolution
		HideSolutionNode = FALSE
	EndGlobalSection
EndGlobal
