
Microsoft Visual Studio Solution File, Format Version 11.00
# Visual Studio 2010
Project("{2150E333-8FDC-42A3-9474-1A3956D46DE8}") = "UnitTests", "UnitTests", "{996EBBBC-2904-44E6-8ADD-11A6C0958FE4}"
EndProject
Project("{FAE04EC0-301F-11D3-BF4B-00C04F79EFBC}") = "Challenge00.DDDSample.UnitTests", "UnitTests\Challenge00.DDDSample.UnitTests\Challenge00.DDDSample.UnitTests.csproj", "{C63A1855-8414-4711-B4DF-D3372ACD7069}"
EndProject
Project("{FAE04EC0-301F-11D3-BF4B-00C04F79EFBC}") = "Challenge00.DDDSample.Default.UnitTests", "UnitTests\Challenge00.DDDSample.Default.UnitTests\Challenge00.DDDSample.Default.UnitTests.csproj", "{E26B8AEF-2856-4040-BE65-97B7735ADABE}"
EndProject
Project("{FAE04EC0-301F-11D3-BF4B-00C04F79EFBC}") = "Challenge00.DDDSample.ACME.UnitTests", "UnitTests\Challenge00.DDDSample.ACME.UnitTests\Challenge00.DDDSample.ACME.UnitTests.csproj", "{8A174BD0-1139-4442-9452-856FC36CC1CA}"
EndProject
Project("{FAE04EC0-301F-11D3-BF4B-00C04F79EFBC}") = "Challenge00.DDDSample", "Challenge00.DDDSample\Challenge00.DDDSample.csproj", "{6F84C6F6-EDDD-41F6-9DA0-7A289F2FBC88}"
EndProject
Project("{FAE04EC0-301F-11D3-BF4B-00C04F79EFBC}") = "Challenge00.DDDSample.Default", "Challenge00.DDDSample.Default\Challenge00.DDDSample.Default.csproj", "{47C7912D-2CF9-4464-BCF6-641A6867577D}"
EndProject
Project("{FAE04EC0-301F-11D3-BF4B-00C04F79EFBC}") = "Challenge00.DDDSample.ACME", "Challenge00.DDDSample.ACME\Challenge00.DDDSample.ACME.csproj", "{AE1E1387-36B9-4000-A2DC-1887B8E7F905}"
EndProject
Global
	GlobalSection(SolutionConfigurationPlatforms) = preSolution
		Debug|Any CPU = Debug|Any CPU
		Release|Any CPU = Release|Any CPU
	EndGlobalSection
	GlobalSection(ProjectConfigurationPlatforms) = postSolution
		{47C7912D-2CF9-4464-BCF6-641A6867577D}.Debug|Any CPU.ActiveCfg = Debug|Any CPU
		{47C7912D-2CF9-4464-BCF6-641A6867577D}.Debug|Any CPU.Build.0 = Debug|Any CPU
		{47C7912D-2CF9-4464-BCF6-641A6867577D}.Release|Any CPU.ActiveCfg = Release|Any CPU
		{47C7912D-2CF9-4464-BCF6-641A6867577D}.Release|Any CPU.Build.0 = Release|Any CPU
		{6F84C6F6-EDDD-41F6-9DA0-7A289F2FBC88}.Debug|Any CPU.ActiveCfg = Debug|Any CPU
		{6F84C6F6-EDDD-41F6-9DA0-7A289F2FBC88}.Debug|Any CPU.Build.0 = Debug|Any CPU
		{6F84C6F6-EDDD-41F6-9DA0-7A289F2FBC88}.Release|Any CPU.ActiveCfg = Release|Any CPU
		{6F84C6F6-EDDD-41F6-9DA0-7A289F2FBC88}.Release|Any CPU.Build.0 = Release|Any CPU
		{8A174BD0-1139-4442-9452-856FC36CC1CA}.Debug|Any CPU.ActiveCfg = Debug|Any CPU
		{8A174BD0-1139-4442-9452-856FC36CC1CA}.Debug|Any CPU.Build.0 = Debug|Any CPU
		{8A174BD0-1139-4442-9452-856FC36CC1CA}.Release|Any CPU.ActiveCfg = Release|Any CPU
		{8A174BD0-1139-4442-9452-856FC36CC1CA}.Release|Any CPU.Build.0 = Release|Any CPU
		{AE1E1387-36B9-4000-A2DC-1887B8E7F905}.Debug|Any CPU.ActiveCfg = Debug|Any CPU
		{AE1E1387-36B9-4000-A2DC-1887B8E7F905}.Debug|Any CPU.Build.0 = Debug|Any CPU
		{AE1E1387-36B9-4000-A2DC-1887B8E7F905}.Release|Any CPU.ActiveCfg = Release|Any CPU
		{AE1E1387-36B9-4000-A2DC-1887B8E7F905}.Release|Any CPU.Build.0 = Release|Any CPU
		{C63A1855-8414-4711-B4DF-D3372ACD7069}.Debug|Any CPU.ActiveCfg = Debug|Any CPU
		{C63A1855-8414-4711-B4DF-D3372ACD7069}.Debug|Any CPU.Build.0 = Debug|Any CPU
		{C63A1855-8414-4711-B4DF-D3372ACD7069}.Release|Any CPU.ActiveCfg = Release|Any CPU
		{C63A1855-8414-4711-B4DF-D3372ACD7069}.Release|Any CPU.Build.0 = Release|Any CPU
		{E26B8AEF-2856-4040-BE65-97B7735ADABE}.Debug|Any CPU.ActiveCfg = Debug|Any CPU
		{E26B8AEF-2856-4040-BE65-97B7735ADABE}.Debug|Any CPU.Build.0 = Debug|Any CPU
		{E26B8AEF-2856-4040-BE65-97B7735ADABE}.Release|Any CPU.ActiveCfg = Release|Any CPU
		{E26B8AEF-2856-4040-BE65-97B7735ADABE}.Release|Any CPU.Build.0 = Release|Any CPU
	EndGlobalSection
	GlobalSection(NestedProjects) = preSolution
		{C63A1855-8414-4711-B4DF-D3372ACD7069} = {996EBBBC-2904-44E6-8ADD-11A6C0958FE4}
		{E26B8AEF-2856-4040-BE65-97B7735ADABE} = {996EBBBC-2904-44E6-8ADD-11A6C0958FE4}
		{8A174BD0-1139-4442-9452-856FC36CC1CA} = {996EBBBC-2904-44E6-8ADD-11A6C0958FE4}
	EndGlobalSection
	GlobalSection(MonoDevelopProperties) = preSolution
		StartupItem = UnitTests\Challenge00.DDDSample.UnitTests\Challenge00.DDDSample.UnitTests.csproj
		Policies = $0
		$0.StandardHeader = $1
		$1.Text = "@ \n ${FileName}\n \n Author:\n      ${AuthorName} <${AuthorEmail}>\n\n Copyright (c) 2010-${Year} ${CopyrightHolder}\n\n This file is part of Epic.NET.\n\n Epic.NET is free software: you can redistribute it and/or modify\n it under the terms of the GNU Affero General Public License as published by\n the Free Software Foundation, either version 3 of the License, or\n (at your option) any later version.\n\n Epic.NET is distributed in the hope that it will be useful,\n but WITHOUT ANY WARRANTY; without even the implied warranty of\n MERCHANTABILITY or FITNESS FOR A PARTICULAR PURPOSE.  See the\n GNU Affero General Public License for more details.\n\n You should have received a copy of the GNU Affero General Public License\n along with this program.  If not, see <http://www.gnu.org/licenses/>.\n "
		$1.IncludeInNewFiles = True
		$0.TextStylePolicy = $2
		$2.inheritsSet = null
		$2.scope = text/x-csharp
		$0.CSharpFormattingPolicy = $3
		$3.PropertyBraceStyle = NextLine
		$3.PropertyGetBraceStyle = NextLine
		$3.PropertySetBraceStyle = NextLine
		$3.inheritsSet = Mono
		$3.inheritsScope = text/x-csharp
		$3.scope = text/x-csharp
		$0.DotNetNamingPolicy = $4
		$4.DirectoryNamespaceAssociation = None
		$4.ResourceNamePolicy = FileFormatDefault
		$0.VersionControlPolicy = $5
		$5.inheritsSet = Mono
		$0.ChangeLogPolicy = $6
		$6.UpdateMode = None
		$6.MessageStyle = $7
		$7.LineAlign = 0
		$6.inheritsSet = Mono
	EndGlobalSection
	GlobalSection(SolutionProperties) = preSolution
		HideSolutionNode = FALSE
	EndGlobalSection
EndGlobal
